
Microsoft Visual Studio Solution File, Format Version 12.00
# Visual Studio Version 16
VisualStudioVersion = 16.0.29613.14
MinimumVisualStudioVersion = 10.0.40219.1
Project("{FAE04EC0-301F-11D3-BF4B-00C04F79EFBC}") = "CustomRPC", "CustomRPC.csproj", "{CB25A15A-BD37-424B-8020-0A3B470FFD4A}"
EndProject
Project("{2150E333-8FDC-42A3-9474-1A3956D46DE8}") = "Solution Items", "Solution Items", "{4A7A6A94-8729-489E-8952-95946D56FE43}"
	ProjectSection(SolutionItems) = preProject
		.gitignore = .gitignore
	EndProjectSection
EndProject
Global
	GlobalSection(SolutionConfigurationPlatforms) = preSolution
		Debug|Any CPU = Debug|Any CPU
		Release|Any CPU = Release|Any CPU
	EndGlobalSection
	GlobalSection(ProjectConfigurationPlatforms) = postSolution
		{CB25A15A-BD37-424B-8020-0A3B470FFD4A}.Debug|Any CPU.ActiveCfg = Debug|Any CPU
		{CB25A15A-BD37-424B-8020-0A3B470FFD4A}.Debug|Any CPU.Build.0 = Debug|Any CPU
		{CB25A15A-BD37-424B-8020-0A3B470FFD4A}.Release|Any CPU.ActiveCfg = Release|Any CPU
		{CB25A15A-BD37-424B-8020-0A3B470FFD4A}.Release|Any CPU.Build.0 = Release|Any CPU
	EndGlobalSection
	GlobalSection(SolutionProperties) = preSolution
		HideSolutionNode = FALSE
	EndGlobalSection
	GlobalSection(ExtensibilityGlobals) = postSolution
		SolutionGuid = {1FEBB080-AE03-4C2D-8FD6-298CBA019FB6}
	EndGlobalSection
EndGlobal
